
Microsoft Visual Studio Solution File, Format Version 12.00
# Visual Studio Version 17
VisualStudioVersion = 17.11.35312.102
MinimumVisualStudioVersion = 10.0.40219.1
Project("{FAE04EC0-301F-11D3-BF4B-00C04F79EFBC}") = "InitialMigration", "InitialMigration\InitialMigration.csproj", "{95204FA8-537E-45DF-96FF-C238D697E927}"
EndProject
Global
	GlobalSection(SolutionConfigurationPlatforms) = preSolution
		Debug|Any CPU = Debug|Any CPU
		Release|Any CPU = Release|Any CPU
	EndGlobalSection
	GlobalSection(ProjectConfigurationPlatforms) = postSolution
		{95204FA8-537E-45DF-96FF-C238D697E927}.Debug|Any CPU.ActiveCfg = Debug|Any CPU
		{95204FA8-537E-45DF-96FF-C238D697E927}.Debug|Any CPU.Build.0 = Debug|Any CPU
		{95204FA8-537E-45DF-96FF-C238D697E927}.Release|Any CPU.ActiveCfg = Release|Any CPU
		{95204FA8-537E-45DF-96FF-C238D697E927}.Release|Any CPU.Build.0 = Release|Any CPU
	EndGlobalSection
	GlobalSection(SolutionProperties) = preSolution
		HideSolutionNode = FALSE
	EndGlobalSection
	GlobalSection(ExtensibilityGlobals) = postSolution
		SolutionGuid = {E01E186B-1F66-4F97-B8B6-5FB01473A771}
	EndGlobalSection
EndGlobal
